
Microsoft Visual Studio Solution File, Format Version 12.00
# Visual Studio 14
VisualStudioVersion = 14.0.23107.0
MinimumVisualStudioVersion = 10.0.40219.1
Project("{FAE04EC0-301F-11D3-BF4B-00C04F79EFBC}") = "UploadFileDemo", "UploadFileDemo\UploadFileDemo.csproj", "{9A1D61D4-4A6D-4109-AEFF-FC7FC07A54BD}"
EndProject
Project("{FAE04EC0-301F-11D3-BF4B-00C04F79EFBC}") = "ConsoleApplication1", "ConsoleApplication1\ConsoleApplication1.csproj", "{604DB821-8E89-4317-A95E-164B112D42FA}"
EndProject
Global
	GlobalSection(SolutionConfigurationPlatforms) = preSolution
		Debug|Any CPU = Debug|Any CPU
		Release|Any CPU = Release|Any CPU
	EndGlobalSection
	GlobalSection(ProjectConfigurationPlatforms) = postSolution
		{9A1D61D4-4A6D-4109-AEFF-FC7FC07A54BD}.Debug|Any CPU.ActiveCfg = Debug|Any CPU
		{9A1D61D4-4A6D-4109-AEFF-FC7FC07A54BD}.Debug|Any CPU.Build.0 = Debug|Any CPU
		{9A1D61D4-4A6D-4109-AEFF-FC7FC07A54BD}.Release|Any CPU.ActiveCfg = Release|Any CPU
		{9A1D61D4-4A6D-4109-AEFF-FC7FC07A54BD}.Release|Any CPU.Build.0 = Release|Any CPU
		{604DB821-8E89-4317-A95E-164B112D42FA}.Debug|Any CPU.ActiveCfg = Debug|Any CPU
		{604DB821-8E89-4317-A95E-164B112D42FA}.Debug|Any CPU.Build.0 = Debug|Any CPU
		{604DB821-8E89-4317-A95E-164B112D42FA}.Release|Any CPU.ActiveCfg = Release|Any CPU
		{604DB821-8E89-4317-A95E-164B112D42FA}.Release|Any CPU.Build.0 = Release|Any CPU
	EndGlobalSection
	GlobalSection(SolutionProperties) = preSolution
		HideSolutionNode = FALSE
	EndGlobalSection
EndGlobal
